
Microsoft Visual Studio Solution File, Format Version 12.00
# Visual Studio 15
VisualStudioVersion = 15.0.27130.2027
MinimumVisualStudioVersion = 10.0.40219.1
Project("{FAE04EC0-301F-11D3-BF4B-00C04F79EFBC}") = "SaveMeSomeMoney.Web", "SaveMeSomeMoney\SaveMeSomeMoney.Web.csproj", "{DE604C3E-D203-4F45-8AFD-9E648E0F131D}"
EndProject
Global
	GlobalSection(SolutionConfigurationPlatforms) = preSolution
		Debug|Any CPU = Debug|Any CPU
		Release|Any CPU = Release|Any CPU
	EndGlobalSection
	GlobalSection(ProjectConfigurationPlatforms) = postSolution
		{DE604C3E-D203-4F45-8AFD-9E648E0F131D}.Debug|Any CPU.ActiveCfg = Debug|Any CPU
		{DE604C3E-D203-4F45-8AFD-9E648E0F131D}.Debug|Any CPU.Build.0 = Debug|Any CPU
		{DE604C3E-D203-4F45-8AFD-9E648E0F131D}.Release|Any CPU.ActiveCfg = Release|Any CPU
		{DE604C3E-D203-4F45-8AFD-9E648E0F131D}.Release|Any CPU.Build.0 = Release|Any CPU
	EndGlobalSection
	GlobalSection(SolutionProperties) = preSolution
		HideSolutionNode = FALSE
	EndGlobalSection
	GlobalSection(ExtensibilityGlobals) = postSolution
		SolutionGuid = {CBA0BED5-34C6-42A1-A2A1-748E51272804}
	EndGlobalSection
EndGlobal
